
Microsoft Visual Studio Solution File, Format Version 12.00
# Visual Studio 15
VisualStudioVersion = 15.0.27428.1
MinimumVisualStudioVersion = 10.0.40219.1
Project("{FAE04EC0-301F-11D3-BF4B-00C04F79EFBC}") = "Adventure", "Adventure.csproj", "{AE3E596D-FB0D-425D-8DF6-958C39A3BE95}"
EndProject
Global
	GlobalSection(SolutionConfigurationPlatforms) = preSolution
		Debug|Any CPU = Debug|Any CPU
		Release|Any CPU = Release|Any CPU
	EndGlobalSection
	GlobalSection(ProjectConfigurationPlatforms) = postSolution
		{AE3E596D-FB0D-425D-8DF6-958C39A3BE95}.Debug|Any CPU.ActiveCfg = Debug|Any CPU
		{AE3E596D-FB0D-425D-8DF6-958C39A3BE95}.Debug|Any CPU.Build.0 = Debug|Any CPU
		{AE3E596D-FB0D-425D-8DF6-958C39A3BE95}.Release|Any CPU.ActiveCfg = Release|Any CPU
		{AE3E596D-FB0D-425D-8DF6-958C39A3BE95}.Release|Any CPU.Build.0 = Release|Any CPU
	EndGlobalSection
	GlobalSection(SolutionProperties) = preSolution
		HideSolutionNode = FALSE
	EndGlobalSection
	GlobalSection(ExtensibilityGlobals) = postSolution
		SolutionGuid = {4E864134-B1D7-4416-9899-AC5C68748FE4}
	EndGlobalSection
EndGlobal
